
Microsoft Visual Studio Solution File, Format Version 12.00
# Visual Studio Version 17
VisualStudioVersion = 17.0.32126.317
MinimumVisualStudioVersion = 10.0.40219.1
Project("{FAE04EC0-301F-11D3-BF4B-00C04F79EFBC}") = "Tarefa_1_v1", "Tarefa_1_v1\Tarefa_1_v1.csproj", "{B9D726E0-9FE8-49D4-B1E8-9D9D1C6D5097}"
EndProject
Global
	GlobalSection(SolutionConfigurationPlatforms) = preSolution
		Debug|Any CPU = Debug|Any CPU
		Release|Any CPU = Release|Any CPU
	EndGlobalSection
	GlobalSection(ProjectConfigurationPlatforms) = postSolution
		{B9D726E0-9FE8-49D4-B1E8-9D9D1C6D5097}.Debug|Any CPU.ActiveCfg = Debug|Any CPU
		{B9D726E0-9FE8-49D4-B1E8-9D9D1C6D5097}.Debug|Any CPU.Build.0 = Debug|Any CPU
		{B9D726E0-9FE8-49D4-B1E8-9D9D1C6D5097}.Release|Any CPU.ActiveCfg = Release|Any CPU
		{B9D726E0-9FE8-49D4-B1E8-9D9D1C6D5097}.Release|Any CPU.Build.0 = Release|Any CPU
	EndGlobalSection
	GlobalSection(SolutionProperties) = preSolution
		HideSolutionNode = FALSE
	EndGlobalSection
	GlobalSection(ExtensibilityGlobals) = postSolution
		SolutionGuid = {4D43DF89-FFD5-462E-A38E-CD93A7868AFA}
	EndGlobalSection
EndGlobal
